{
  "name": "@hogancv/coordinate-agents",
  "version": "2.1.1",
  "lockfileVersion": 3,
  "requires": true,
  "packages": {
    "": {
      "name": "@hogancv/coordinate-agents",
      "version": "2.1.1",
      "license": "MIT",
      "bin": {
        "coordinate-agents": "bin/coordinate-agents.mjs"
      },
      "engines": {
        "node": ">=18"
      }
    }
  }
}
